
Microsoft Visual Studio Solution File, Format Version 12.00
# Visual Studio Version 17
VisualStudioVersion = 17.3.32901.215
MinimumVisualStudioVersion = 10.0.40219.1
Project("{8BC9CEB8-8B4A-11D0-8D11-00A0C91BC942}") = "Pascal triangle", "Pascal triangle\Pascal triangle.vcxproj", "{A8FC2706-5EC2-4E0E-BD74-C89D70179134}"
EndProject
Global
	GlobalSection(SolutionConfigurationPlatforms) = preSolution
		Debug|x64 = Debug|x64
		Debug|x86 = Debug|x86
		Release|x64 = Release|x64
		Release|x86 = Release|x86
	EndGlobalSection
	GlobalSection(ProjectConfigurationPlatforms) = postSolution
		{A8FC2706-5EC2-4E0E-BD74-C89D70179134}.Debug|x64.ActiveCfg = Debug|x64
		{A8FC2706-5EC2-4E0E-BD74-C89D70179134}.Debug|x64.Build.0 = Debug|x64
		{A8FC2706-5EC2-4E0E-BD74-C89D70179134}.Debug|x86.ActiveCfg = Debug|Win32
		{A8FC2706-5EC2-4E0E-BD74-C89D70179134}.Debug|x86.Build.0 = Debug|Win32
		{A8FC2706-5EC2-4E0E-BD74-C89D70179134}.Release|x64.ActiveCfg = Release|x64
		{A8FC2706-5EC2-4E0E-BD74-C89D70179134}.Release|x64.Build.0 = Release|x64
		{A8FC2706-5EC2-4E0E-BD74-C89D70179134}.Release|x86.ActiveCfg = Release|Win32
		{A8FC2706-5EC2-4E0E-BD74-C89D70179134}.Release|x86.Build.0 = Release|Win32
	EndGlobalSection
	GlobalSection(SolutionProperties) = preSolution
		HideSolutionNode = FALSE
	EndGlobalSection
	GlobalSection(ExtensibilityGlobals) = postSolution
		SolutionGuid = {C1B7FA64-D89B-4457-84D7-41F5A92ABCB5}
	EndGlobalSection
EndGlobal
